// !$*UTF8*$!
{
	archiveVersion = 1;
	classes = {
	};
	objectVersion = 56;
	objects = {

/* Begin PBXBuildFile section */
		90A5EFFE2A884CA900ECE789 /* CryptoCoinAppApp.swift in Sources */ = {isa = PBXBuildFile; fileRef = 90A5EFFD2A884CA900ECE789 /* CryptoCoinAppApp.swift */; };
		90A5F0052A884CAA00ECE789 /* Preview Assets.xcassets in Resources */ = {isa = PBXBuildFile; fileRef = 90A5F0042A884CAA00ECE789 /* Preview Assets.xcassets */; };
		90A5F00C2A884E6500ECE789 /* Assets.xcassets in Resources */ = {isa = PBXBuildFile; fileRef = 90A5F00B2A884E6500ECE789 /* Assets.xcassets */; };
		90A5F0192A88501000ECE789 /* Color.swift in Sources */ = {isa = PBXBuildFile; fileRef = 90A5F0132A88501000ECE789 /* Color.swift */; };
		90A5F01F2A8854B200ECE789 /* HomeView.swift in Sources */ = {isa = PBXBuildFile; fileRef = 90A5F01E2A8854B200ECE789 /* HomeView.swift */; };
		90A5F0222A88713000ECE789 /* CircleButtonView.swift in Sources */ = {isa = PBXBuildFile; fileRef = 90A5F0212A88713000ECE789 /* CircleButtonView.swift */; };
		90A5F0522A8A7FBC00ECE789 /* CircleCuttonAnimationView.swift in Sources */ = {isa = PBXBuildFile; fileRef = 90A5F0512A8A7FBC00ECE789 /* CircleCuttonAnimationView.swift */; };
		90A5F0552A8A850800ECE789 /* Coin.swift in Sources */ = {isa = PBXBuildFile; fileRef = 90A5F0542A8A850800ECE789 /* Coin.swift */; };
		90A5F0572A8AA9F600ECE789 /* CoinRowView.swift in Sources */ = {isa = PBXBuildFile; fileRef = 90A5F0562A8AA9F600ECE789 /* CoinRowView.swift */; };
		90A5F0592A8AAA7200ECE789 /* PreviewProvider.swift in Sources */ = {isa = PBXBuildFile; fileRef = 90A5F0582A8AAA7200ECE789 /* PreviewProvider.swift */; };
		90A5F05B2A8AADD700ECE789 /* Double.swift in Sources */ = {isa = PBXBuildFile; fileRef = 90A5F05A2A8AADD700ECE789 /* Double.swift */; };
		90A5F05D2A8AE29500ECE789 /*  HomeViewModel.swift in Sources */ = {isa = PBXBuildFile; fileRef = 90A5F05C2A8AE29500ECE789 /*  HomeViewModel.swift */; };
		90A5F0602A8BBE9700ECE789 /* CoinDataService.swift in Sources */ = {isa = PBXBuildFile; fileRef = 90A5F05F2A8BBE9700ECE789 /* CoinDataService.swift */; };
		90A5F0632A8BD2E300ECE789 /* NetworkingManager.swift in Sources */ = {isa = PBXBuildFile; fileRef = 90A5F0622A8BD2E300ECE789 /* NetworkingManager.swift */; };
/* End PBXBuildFile section */

/* Begin PBXFileReference section */
		90A5EFFA2A884CA900ECE789 /* CryptoCoinApp.app */ = {isa = PBXFileReference; explicitFileType = wrapper.application; includeInIndex = 0; path = CryptoCoinApp.app; sourceTree = BUILT_PRODUCTS_DIR; };
		90A5EFFD2A884CA900ECE789 /* CryptoCoinAppApp.swift */ = {isa = PBXFileReference; lastKnownFileType = sourcecode.swift; path = CryptoCoinAppApp.swift; sourceTree = "<group>"; };
		90A5F0042A884CAA00ECE789 /* Preview Assets.xcassets */ = {isa = PBXFileReference; lastKnownFileType = folder.assetcatalog; path = "Preview Assets.xcassets"; sourceTree = "<group>"; };
		90A5F00B2A884E6500ECE789 /* Assets.xcassets */ = {isa = PBXFileReference; lastKnownFileType = folder.assetcatalog; path = Assets.xcassets; sourceTree = "<group>"; };
		90A5F0132A88501000ECE789 /* Color.swift */ = {isa = PBXFileReference; fileEncoding = 4; lastKnownFileType = sourcecode.swift; path = Color.swift; sourceTree = "<group>"; };
		90A5F01E2A8854B200ECE789 /* HomeView.swift */ = {isa = PBXFileReference; lastKnownFileType = sourcecode.swift; path = HomeView.swift; sourceTree = "<group>"; };
		90A5F0212A88713000ECE789 /* CircleButtonView.swift */ = {isa = PBXFileReference; lastKnownFileType = sourcecode.swift; path = CircleButtonView.swift; sourceTree = "<group>"; };
		90A5F0512A8A7FBC00ECE789 /* CircleCuttonAnimationView.swift */ = {isa = PBXFileReference; lastKnownFileType = sourcecode.swift; path = CircleCuttonAnimationView.swift; sourceTree = "<group>"; };
		90A5F0542A8A850800ECE789 /* Coin.swift */ = {isa = PBXFileReference; lastKnownFileType = sourcecode.swift; path = Coin.swift; sourceTree = "<group>"; };
		90A5F0562A8AA9F600ECE789 /* CoinRowView.swift */ = {isa = PBXFileReference; lastKnownFileType = sourcecode.swift; path = CoinRowView.swift; sourceTree = "<group>"; };
		90A5F0582A8AAA7200ECE789 /* PreviewProvider.swift */ = {isa = PBXFileReference; lastKnownFileType = sourcecode.swift; path = PreviewProvider.swift; sourceTree = "<group>"; };
		90A5F05A2A8AADD700ECE789 /* Double.swift */ = {isa = PBXFileReference; lastKnownFileType = sourcecode.swift; path = Double.swift; sourceTree = "<group>"; };
		90A5F05C2A8AE29500ECE789 /*  HomeViewModel.swift */ = {isa = PBXFileReference; lastKnownFileType = sourcecode.swift; path = " HomeViewModel.swift"; sourceTree = "<group>"; };
		90A5F05F2A8BBE9700ECE789 /* CoinDataService.swift */ = {isa = PBXFileReference; lastKnownFileType = sourcecode.swift; path = CoinDataService.swift; sourceTree = "<group>"; };
		90A5F0622A8BD2E300ECE789 /* NetworkingManager.swift */ = {isa = PBXFileReference; lastKnownFileType = sourcecode.swift; path = NetworkingManager.swift; sourceTree = "<group>"; };
/* End PBXFileReference section */

/* Begin PBXFrameworksBuildPhase section */
		90A5EFF72A884CA900ECE789 /* Frameworks */ = {
			isa = PBXFrameworksBuildPhase;
			buildActionMask = 2147483647;
			files = (
			);
			runOnlyForDeploymentPostprocessing = 0;
		};
/* End PBXFrameworksBuildPhase section */

/* Begin PBXGroup section */
		90A5EFF12A884CA900ECE789 = {
			isa = PBXGroup;
			children = (
				90A5EFFC2A884CA900ECE789 /* CryptoCoinApp */,
				90A5EFFB2A884CA900ECE789 /* Products */,
			);
			sourceTree = "<group>";
		};
		90A5EFFB2A884CA900ECE789 /* Products */ = {
			isa = PBXGroup;
			children = (
				90A5EFFA2A884CA900ECE789 /* CryptoCoinApp.app */,
			);
			name = Products;
			sourceTree = "<group>";
		};
		90A5EFFC2A884CA900ECE789 /* CryptoCoinApp */ = {
			isa = PBXGroup;
			children = (
				90A5EFFD2A884CA900ECE789 /* CryptoCoinAppApp.swift */,
				90A5F00B2A884E6500ECE789 /* Assets.xcassets */,
				90A5F00D2A88501000ECE789 /* Extensions */,
				90A5F01A2A88545000ECE789 /* Core */,
				90A5F0532A8A833600ECE789 /* Models */,
				90A5F05E2A8BBE6B00ECE789 /* Services */,
				90A5F0612A8BD12D00ECE789 /* Utilities */,
				90A5F0032A884CAA00ECE789 /* Preview Content */,
			);
			path = CryptoCoinApp;
			sourceTree = "<group>";
		};
		90A5F0032A884CAA00ECE789 /* Preview Content */ = {
			isa = PBXGroup;
			children = (
				90A5F0042A884CAA00ECE789 /* Preview Assets.xcassets */,
			);
			path = "Preview Content";
			sourceTree = "<group>";
		};
		90A5F00D2A88501000ECE789 /* Extensions */ = {
			isa = PBXGroup;
			children = (
				90A5F0132A88501000ECE789 /* Color.swift */,
				90A5F0582A8AAA7200ECE789 /* PreviewProvider.swift */,
				90A5F05A2A8AADD700ECE789 /* Double.swift */,
			);
			path = Extensions;
			sourceTree = "<group>";
		};
		90A5F01A2A88545000ECE789 /* Core */ = {
			isa = PBXGroup;
			children = (
				90A5F0202A88711000ECE789 /* Components */,
				90A5F01B2A88547200ECE789 /* Home */,
			);
			path = Core;
			sourceTree = "<group>";
		};
		90A5F01B2A88547200ECE789 /* Home */ = {
			isa = PBXGroup;
			children = (
				90A5F01D2A88548600ECE789 /* ViewModels */,
				90A5F01C2A88548000ECE789 /* Views */,
			);
			path = Home;
			sourceTree = "<group>";
		};
		90A5F01C2A88548000ECE789 /* Views */ = {
			isa = PBXGroup;
			children = (
				90A5F01E2A8854B200ECE789 /* HomeView.swift */,
				90A5F0562A8AA9F600ECE789 /* CoinRowView.swift */,
			);
			path = Views;
			sourceTree = "<group>";
		};
		90A5F01D2A88548600ECE789 /* ViewModels */ = {
			isa = PBXGroup;
			children = (
				90A5F05C2A8AE29500ECE789 /*  HomeViewModel.swift */,
			);
			path = ViewModels;
			sourceTree = "<group>";
		};
		90A5F0202A88711000ECE789 /* Components */ = {
			isa = PBXGroup;
			children = (
				90A5F0212A88713000ECE789 /* CircleButtonView.swift */,
				90A5F0512A8A7FBC00ECE789 /* CircleCuttonAnimationView.swift */,
			);
			path = Components;
			sourceTree = "<group>";
		};
		90A5F0532A8A833600ECE789 /* Models */ = {
			isa = PBXGroup;
			children = (
				90A5F0542A8A850800ECE789 /* Coin.swift */,
			);
			path = Models;
			sourceTree = "<group>";
		};
		90A5F05E2A8BBE6B00ECE789 /* Services */ = {
			isa = PBXGroup;
			children = (
				90A5F05F2A8BBE9700ECE789 /* CoinDataService.swift */,
			);
			path = Services;
			sourceTree = "<group>";
		};
		90A5F0612A8BD12D00ECE789 /* Utilities */ = {
			isa = PBXGroup;
			children = (
				90A5F0622A8BD2E300ECE789 /* NetworkingManager.swift */,
			);
			path = Utilities;
			sourceTree = "<group>";
		};
/* End PBXGroup section */

/* Begin PBXNativeTarget section */
		90A5EFF92A884CA900ECE789 /* CryptoCoinApp */ = {
			isa = PBXNativeTarget;
			buildConfigurationList = 90A5F0082A884CAA00ECE789 /* Build configuration list for PBXNativeTarget "CryptoCoinApp" */;
			buildPhases = (
				90A5EFF62A884CA900ECE789 /* Sources */,
				90A5EFF72A884CA900ECE789 /* Frameworks */,
				90A5EFF82A884CA900ECE789 /* Resources */,
			);
			buildRules = (
			);
			dependencies = (
			);
			name = CryptoCoinApp;
			productName = CryptoCoinApp;
			productReference = 90A5EFFA2A884CA900ECE789 /* CryptoCoinApp.app */;
			productType = "com.apple.product-type.application";
		};
/* End PBXNativeTarget section */

/* Begin PBXProject section */
		90A5EFF22A884CA900ECE789 /* Project object */ = {
			isa = PBXProject;
			attributes = {
				BuildIndependentTargetsInParallel = 1;
				LastSwiftUpdateCheck = 1430;
				LastUpgradeCheck = 1430;
				TargetAttributes = {
					90A5EFF92A884CA900ECE789 = {
						CreatedOnToolsVersion = 14.3.1;
					};
				};
			};
			buildConfigurationList = 90A5EFF52A884CA900ECE789 /* Build configuration list for PBXProject "CryptoCoinApp" */;
			compatibilityVersion = "Xcode 14.0";
			developmentRegion = en;
			hasScannedForEncodings = 0;
			knownRegions = (
				en,
				Base,
			);
			mainGroup = 90A5EFF12A884CA900ECE789;
			productRefGroup = 90A5EFFB2A884CA900ECE789 /* Products */;
			projectDirPath = "";
			projectRoot = "";
			targets = (
				90A5EFF92A884CA900ECE789 /* CryptoCoinApp */,
			);
		};
/* End PBXProject section */

/* Begin PBXResourcesBuildPhase section */
		90A5EFF82A884CA900ECE789 /* Resources */ = {
			isa = PBXResourcesBuildPhase;
			buildActionMask = 2147483647;
			files = (
				90A5F00C2A884E6500ECE789 /* Assets.xcassets in Resources */,
				90A5F0052A884CAA00ECE789 /* Preview Assets.xcassets in Resources */,
			);
			runOnlyForDeploymentPostprocessing = 0;
		};
/* End PBXResourcesBuildPhase section */

/* Begin PBXSourcesBuildPhase section */
		90A5EFF62A884CA900ECE789 /* Sources */ = {
			isa = PBXSourcesBuildPhase;
			buildActionMask = 2147483647;
			files = (
				90A5F01F2A8854B200ECE789 /* HomeView.swift in Sources */,
				90A5F0522A8A7FBC00ECE789 /* CircleCuttonAnimationView.swift in Sources */,
				90A5F05D2A8AE29500ECE789 /*  HomeViewModel.swift in Sources */,
				90A5F0192A88501000ECE789 /* Color.swift in Sources */,
				90A5F0222A88713000ECE789 /* CircleButtonView.swift in Sources */,
				90A5F0552A8A850800ECE789 /* Coin.swift in Sources */,
				90A5F0592A8AAA7200ECE789 /* PreviewProvider.swift in Sources */,
				90A5F0572A8AA9F600ECE789 /* CoinRowView.swift in Sources */,
				90A5F05B2A8AADD700ECE789 /* Double.swift in Sources */,
				90A5F0632A8BD2E300ECE789 /* NetworkingManager.swift in Sources */,
				90A5EFFE2A884CA900ECE789 /* CryptoCoinAppApp.swift in Sources */,
				90A5F0602A8BBE9700ECE789 /* CoinDataService.swift in Sources */,
			);
			runOnlyForDeploymentPostprocessing = 0;
		};
/* End PBXSourcesBuildPhase section */

/* Begin XCBuildConfiguration section */
		90A5F0062A884CAA00ECE789 /* Debug */ = {
			isa = XCBuildConfiguration;
			buildSettings = {
				ALWAYS_SEARCH_USER_PATHS = NO;
				CLANG_ANALYZER_NONNULL = YES;
				CLANG_ANALYZER_NUMBER_OBJECT_CONVERSION = YES_AGGRESSIVE;
				CLANG_CXX_LANGUAGE_STANDARD = "gnu++20";
				CLANG_ENABLE_MODULES = YES;
				CLANG_ENABLE_OBJC_ARC = YES;
				CLANG_ENABLE_OBJC_WEAK = YES;
				CLANG_WARN_BLOCK_CAPTURE_AUTORELEASING = YES;
				CLANG_WARN_BOOL_CONVERSION = YES;
				CLANG_WARN_COMMA = YES;
				CLANG_WARN_CONSTANT_CONVERSION = YES;
				CLANG_WARN_DEPRECATED_OBJC_IMPLEMENTATIONS = YES;
				CLANG_WARN_DIRECT_OBJC_ISA_USAGE = YES_ERROR;
				CLANG_WARN_DOCUMENTATION_COMMENTS = YES;
				CLANG_WARN_EMPTY_BODY = YES;
				CLANG_WARN_ENUM_CONVERSION = YES;
				CLANG_WARN_INFINITE_RECURSION = YES;
				CLANG_WARN_INT_CONVERSION = YES;
				CLANG_WARN_NON_LITERAL_NULL_CONVERSION = YES;
				CLANG_WARN_OBJC_IMPLICIT_RETAIN_SELF = YES;
				CLANG_WARN_OBJC_LITERAL_CONVERSION = YES;
				CLANG_WARN_OBJC_ROOT_CLASS = YES_ERROR;
				CLANG_WARN_QUOTED_INCLUDE_IN_FRAMEWORK_HEADER = YES;
				CLANG_WARN_RANGE_LOOP_ANALYSIS = YES;
				CLANG_WARN_STRICT_PROTOTYPES = YES;
				CLANG_WARN_SUSPICIOUS_MOVE = YES;
				CLANG_WARN_UNGUARDED_AVAILABILITY = YES_AGGRESSIVE;
				CLANG_WARN_UNREACHABLE_CODE = YES;
				CLANG_WARN__DUPLICATE_METHOD_MATCH = YES;
				COPY_PHASE_STRIP = NO;
				DEBUG_INFORMATION_FORMAT = dwarf;
				ENABLE_STRICT_OBJC_MSGSEND = YES;
				ENABLE_TESTABILITY = YES;
				GCC_C_LANGUAGE_STANDARD = gnu11;
				GCC_DYNAMIC_NO_PIC = NO;
				GCC_NO_COMMON_BLOCKS = YES;
				GCC_OPTIMIZATION_LEVEL = 0;
				GCC_PREPROCESSOR_DEFINITIONS = (
					"DEBUG=1",
					"$(inherited)",
				);
				GCC_WARN_64_TO_32_BIT_CONVERSION = YES;
				GCC_WARN_ABOUT_RETURN_TYPE = YES_ERROR;
				GCC_WARN_UNDECLARED_SELECTOR = YES;
				GCC_WARN_UNINITIALIZED_AUTOS = YES_AGGRESSIVE;
				GCC_WARN_UNUSED_FUNCTION = YES;
				GCC_WARN_UNUSED_VARIABLE = YES;
				IPHONEOS_DEPLOYMENT_TARGET = 16.4;
				MTL_ENABLE_DEBUG_INFO = INCLUDE_SOURCE;
				MTL_FAST_MATH = YES;
				ONLY_ACTIVE_ARCH = YES;
				SDKROOT = iphoneos;
				SWIFT_ACTIVE_COMPILATION_CONDITIONS = DEBUG;
				SWIFT_OPTIMIZATION_LEVEL = "-Onone";
			};
			name = Debug;
		};
		90A5F0072A884CAA00ECE789 /* Release */ = {
			isa = XCBuildConfiguration;
			buildSettings = {
				ALWAYS_SEARCH_USER_PATHS = NO;
				CLANG_ANALYZER_NONNULL = YES;
				CLANG_ANALYZER_NUMBER_OBJECT_CONVERSION = YES_AGGRESSIVE;
				CLANG_CXX_LANGUAGE_STANDARD = "gnu++20";
				CLANG_ENABLE_MODULES = YES;
				CLANG_ENABLE_OBJC_ARC = YES;
				CLANG_ENABLE_OBJC_WEAK = YES;
				CLANG_WARN_BLOCK_CAPTURE_AUTORELEASING = YES;
				CLANG_WARN_BOOL_CONVERSION = YES;
				CLANG_WARN_COMMA = YES;
				CLANG_WARN_CONSTANT_CONVERSION = YES;
				CLANG_WARN_DEPRECATED_OBJC_IMPLEMENTATIONS = YES;
				CLANG_WARN_DIRECT_OBJC_ISA_USAGE = YES_ERROR;
				CLANG_WARN_DOCUMENTATION_COMMENTS = YES;
				CLANG_WARN_EMPTY_BODY = YES;
				CLANG_WARN_ENUM_CONVERSION = YES;
				CLANG_WARN_INFINITE_RECURSION = YES;
				CLANG_WARN_INT_CONVERSION = YES;
				CLANG_WARN_NON_LITERAL_NULL_CONVERSION = YES;
				CLANG_WARN_OBJC_IMPLICIT_RETAIN_SELF = YES;
				CLANG_WARN_OBJC_LITERAL_CONVERSION = YES;
				CLANG_WARN_OBJC_ROOT_CLASS = YES_ERROR;
				CLANG_WARN_QUOTED_INCLUDE_IN_FRAMEWORK_HEADER = YES;
				CLANG_WARN_RANGE_LOOP_ANALYSIS = YES;
				CLANG_WARN_STRICT_PROTOTYPES = YES;
				CLANG_WARN_SUSPICIOUS_MOVE = YES;
				CLANG_WARN_UNGUARDED_AVAILABILITY = YES_AGGRESSIVE;
				CLANG_WARN_UNREACHABLE_CODE = YES;
				CLANG_WARN__DUPLICATE_METHOD_MATCH = YES;
				COPY_PHASE_STRIP = NO;
				DEBUG_INFORMATION_FORMAT = "dwarf-with-dsym";
				ENABLE_NS_ASSERTIONS = NO;
				ENABLE_STRICT_OBJC_MSGSEND = YES;
				GCC_C_LANGUAGE_STANDARD = gnu11;
				GCC_NO_COMMON_BLOCKS = YES;
				GCC_WARN_64_TO_32_BIT_CONVERSION = YES;
				GCC_WARN_ABOUT_RETURN_TYPE = YES_ERROR;
				GCC_WARN_UNDECLARED_SELECTOR = YES;
				GCC_WARN_UNINITIALIZED_AUTOS = YES_AGGRESSIVE;
				GCC_WARN_UNUSED_FUNCTION = YES;
				GCC_WARN_UNUSED_VARIABLE = YES;
				IPHONEOS_DEPLOYMENT_TARGET = 16.4;
				MTL_ENABLE_DEBUG_INFO = NO;
				MTL_FAST_MATH = YES;
				SDKROOT = iphoneos;
				SWIFT_COMPILATION_MODE = wholemodule;
				SWIFT_OPTIMIZATION_LEVEL = "-O";
				VALIDATE_PRODUCT = YES;
			};
			name = Release;
		};
		90A5F0092A884CAA00ECE789 /* Debug */ = {
			isa = XCBuildConfiguration;
			buildSettings = {
				ASSETCATALOG_COMPILER_APPICON_NAME = AppIcon;
				ASSETCATALOG_COMPILER_GLOBAL_ACCENT_COLOR_NAME = AccentColor;
				CODE_SIGN_STYLE = Automatic;
				CURRENT_PROJECT_VERSION = 1;
				DEVELOPMENT_ASSET_PATHS = "\"CryptoCoinApp/Preview Content\"";
				DEVELOPMENT_TEAM = 35T7LUKJ28;
				ENABLE_PREVIEWS = YES;
				GENERATE_INFOPLIST_FILE = YES;
				INFOPLIST_KEY_CFBundleDisplayName = CryptoCoin;
				INFOPLIST_KEY_UIApplicationSceneManifest_Generation = YES;
				INFOPLIST_KEY_UIApplicationSupportsIndirectInputEvents = YES;
				INFOPLIST_KEY_UILaunchScreen_Generation = YES;
				INFOPLIST_KEY_UISupportedInterfaceOrientations = UIInterfaceOrientationPortrait;
				LD_RUNPATH_SEARCH_PATHS = (
					"$(inherited)",
					"@executable_path/Frameworks",
				);
				MARKETING_VERSION = 1.0;
				PRODUCT_BUNDLE_IDENTIFIER = com.rhysjulianjones.CryptoCoinApp;
				PRODUCT_NAME = "$(TARGET_NAME)";
				SWIFT_EMIT_LOC_STRINGS = YES;
				SWIFT_VERSION = 5.0;
				TARGETED_DEVICE_FAMILY = "1,2";
			};
			name = Debug;
		};
		90A5F00A2A884CAA00ECE789 /* Release */ = {
			isa = XCBuildConfiguration;
			buildSettings = {
				ASSETCATALOG_COMPILER_APPICON_NAME = AppIcon;
				ASSETCATALOG_COMPILER_GLOBAL_ACCENT_COLOR_NAME = AccentColor;
				CODE_SIGN_STYLE = Automatic;
				CURRENT_PROJECT_VERSION = 1;
				DEVELOPMENT_ASSET_PATHS = "\"CryptoCoinApp/Preview Content\"";
				DEVELOPMENT_TEAM = 35T7LUKJ28;
				ENABLE_PREVIEWS = YES;
				GENERATE_INFOPLIST_FILE = YES;
				INFOPLIST_KEY_CFBundleDisplayName = CryptoCoin;
				INFOPLIST_KEY_UIApplicationSceneManifest_Generation = YES;
				INFOPLIST_KEY_UIApplicationSupportsIndirectInputEvents = YES;
				INFOPLIST_KEY_UILaunchScreen_Generation = YES;
				INFOPLIST_KEY_UISupportedInterfaceOrientations = UIInterfaceOrientationPortrait;
				LD_RUNPATH_SEARCH_PATHS = (
					"$(inherited)",
					"@executable_path/Frameworks",
				);
				MARKETING_VERSION = 1.0;
				PRODUCT_BUNDLE_IDENTIFIER = com.rhysjulianjones.CryptoCoinApp;
				PRODUCT_NAME = "$(TARGET_NAME)";
				SWIFT_EMIT_LOC_STRINGS = YES;
				SWIFT_VERSION = 5.0;
				TARGETED_DEVICE_FAMILY = "1,2";
			};
			name = Release;
		};
/* End XCBuildConfiguration section */

/* Begin XCConfigurationList section */
		90A5EFF52A884CA900ECE789 /* Build configuration list for PBXProject "CryptoCoinApp" */ = {
			isa = XCConfigurationList;
			buildConfigurations = (
				90A5F0062A884CAA00ECE789 /* Debug */,
				90A5F0072A884CAA00ECE789 /* Release */,
			);
			defaultConfigurationIsVisible = 0;
			defaultConfigurationName = Release;
		};
		90A5F0082A884CAA00ECE789 /* Build configuration list for PBXNativeTarget "CryptoCoinApp" */ = {
			isa = XCConfigurationList;
			buildConfigurations = (
				90A5F0092A884CAA00ECE789 /* Debug */,
				90A5F00A2A884CAA00ECE789 /* Release */,
			);
			defaultConfigurationIsVisible = 0;
			defaultConfigurationName = Release;
		};
/* End XCConfigurationList section */
	};
	rootObject = 90A5EFF22A884CA900ECE789 /* Project object */;
}
